# This file is autogenerated, do not edit; changes may be undone by the next 'dep ensure'.


[[projects]]
  branch = "master"
  digest = "1:bfeabe39e0e6a59a3c0beca1d42fa5f8d16fa0a0137c69c364f8e13a4d10bc34"
  name = "github.com/amirAllTheWay/sama-djazair"
  packages = ["utils"]
  pruneopts = "UT"
  revision = "83555bd5516be872b6bc63eb4f5ca2f33f954e54"

[[projects]]
  digest = "1:155ca6abe1f334b4d5a9f3bc2452f89eda8a785c3c4d395d9ebb039a503592d1"
  name = "github.com/dgrijalva/jwt-go"
  packages = ["."]
  pruneopts = "UT"
  revision = "5e25c22bd5d6de03265bbe5462dcd162f85046f6"

[[projects]]
  digest = "1:582b704bebaa06b48c29b0cec224a6058a09c86883aaddabde889cd1a5f73e1b"
  name = "github.com/google/uuid"
  packages = ["."]
  pruneopts = "UT"
  revision = "0cd6bf5da1e1c83f8b45653022c74f71af0538a4"
  version = "v1.1.1"

[[projects]]
  digest = "1:c79fb010be38a59d657c48c6ba1d003a8aa651fa56b579d959d74573b7dff8e1"
  name = "github.com/gorilla/context"
  packages = ["."]
  pruneopts = "UT"
  revision = "08b5f424b9271eedf6f9f0ce86cb9396ed337a42"
  version = "v1.1.1"

[[projects]]
  digest = "1:bf3f2edc757b0fcee5946f9c88c3531b3766cde4195f9c5956fc4a84b72b0699"
  name = "github.com/gorilla/handlers"
  packages = ["."]
  pruneopts = "UT"
  revision = "415c4810185c26aa35ca0315470d77697000794b"
  version = "v1.4.1"

[[projects]]
  digest = "1:39709b184cbe5b2aecce843ae0223840dd5cde1f55bb80281a6a3b0a0ca304ed"
  name = "github.com/gorilla/mux"
  packages = ["."]
  pruneopts = "UT"
  revision = "ac112f7d75a0714af1bd86ab17749b31f7809640"

[[projects]]
  digest = "1:2abaafc9cb59897a71c84f1daf4131d59c0dd349c671206274ace759730fc1a0"
  name = "github.com/lib/pq"
  packages = [
    ".",
    "oid",
    "scram",
  ]
  pruneopts = "UT"
  revision = "2ff3cb3adc01768e0a552b3a02575a6df38a9bea"

[[projects]]
  digest = "1:9a3204acd1e9c1c623a4632567566fd5a3ccbab00d2df4801d629435c6439671"
  name = "golang.org/x/crypto"
  packages = [
    "bcrypt",
    "blowfish",
  ]
  pruneopts = "UT"
  revision = "b176d7def5d71bdd214203491f89843ed217f420"

[solve-meta]
  analyzer-name = "dep"
  analyzer-version = 1
  input-imports = [
    "github.com/amirAllTheWay/sama-djazair/utils",
    "github.com/dgrijalva/jwt-go",
    "github.com/google/uuid",
    "github.com/gorilla/handlers",
    "github.com/gorilla/mux",
    "github.com/lib/pq",
    "golang.org/x/crypto/bcrypt",
  ]
  solver-name = "gps-cdcl"
  solver-version = 1
